// !$*UTF8*$!
{
	archiveVersion = 1;
	classes = {
	};
	objectVersion = 46;
	objects = {

/* Begin PBXBuildFile section */
		2DFDC1441EC4451D00EC74A7 /* AppDelegate.swift in Sources */ = {isa = PBXBuildFile; fileRef = 2DFDC1431EC4451D00EC74A7 /* AppDelegate.swift */; };
		2DFDC1461EC4451D00EC74A7 /* ChecklistViewController.swift in Sources */ = {isa = PBXBuildFile; fileRef = 2DFDC1451EC4451D00EC74A7 /* ChecklistViewController.swift */; };
		2DFDC1491EC4451D00EC74A7 /* Main.storyboard in Resources */ = {isa = PBXBuildFile; fileRef = 2DFDC1471EC4451D00EC74A7 /* Main.storyboard */; };
		2DFDC14B1EC4451D00EC74A7 /* Assets.xcassets in Resources */ = {isa = PBXBuildFile; fileRef = 2DFDC14A1EC4451D00EC74A7 /* Assets.xcassets */; };
		2DFDC14E1EC4451D00EC74A7 /* LaunchScreen.storyboard in Resources */ = {isa = PBXBuildFile; fileRef = 2DFDC14C1EC4451D00EC74A7 /* LaunchScreen.storyboard */; };
		2DFDC1561EC47AE500EC74A7 /* iOS_Apprentice_2_Checklists_v5.0.pdf in Resources */ = {isa = PBXBuildFile; fileRef = 2DFDC1551EC47AE500EC74A7 /* iOS_Apprentice_2_Checklists_v5.0.pdf */; };
/* End PBXBuildFile section */

/* Begin PBXFileReference section */
		2DFDC1401EC4451D00EC74A7 /* CheckLists.app */ = {isa = PBXFileReference; explicitFileType = wrapper.application; includeInIndex = 0; path = CheckLists.app; sourceTree = BUILT_PRODUCTS_DIR; };
		2DFDC1431EC4451D00EC74A7 /* AppDelegate.swift */ = {isa = PBXFileReference; lastKnownFileType = sourcecode.swift; path = AppDelegate.swift; sourceTree = "<group>"; };
		2DFDC1451EC4451D00EC74A7 /* ChecklistViewController.swift */ = {isa = PBXFileReference; lastKnownFileType = sourcecode.swift; path = ChecklistViewController.swift; sourceTree = "<group>"; };
		2DFDC1481EC4451D00EC74A7 /* Base */ = {isa = PBXFileReference; lastKnownFileType = file.storyboard; name = Base; path = Base.lproj/Main.storyboard; sourceTree = "<group>"; };
		2DFDC14A1EC4451D00EC74A7 /* Assets.xcassets */ = {isa = PBXFileReference; lastKnownFileType = folder.assetcatalog; path = Assets.xcassets; sourceTree = "<group>"; };
		2DFDC14D1EC4451D00EC74A7 /* Base */ = {isa = PBXFileReference; lastKnownFileType = file.storyboard; name = Base; path = Base.lproj/LaunchScreen.storyboard; sourceTree = "<group>"; };
		2DFDC14F1EC4451D00EC74A7 /* Info.plist */ = {isa = PBXFileReference; lastKnownFileType = text.plist.xml; path = Info.plist; sourceTree = "<group>"; };
		2DFDC1551EC47AE500EC74A7 /* iOS_Apprentice_2_Checklists_v5.0.pdf */ = {isa = PBXFileReference; lastKnownFileType = image.pdf; path = iOS_Apprentice_2_Checklists_v5.0.pdf; sourceTree = "<group>"; };
/* End PBXFileReference section */

/* Begin PBXFrameworksBuildPhase section */
		2DFDC13D1EC4451D00EC74A7 /* Frameworks */ = {
			isa = PBXFrameworksBuildPhase;
			buildActionMask = 2147483647;
			files = (
			);
			runOnlyForDeploymentPostprocessing = 0;
		};
/* End PBXFrameworksBuildPhase section */

/* Begin PBXGroup section */
		2DFDC1371EC4451D00EC74A7 = {
			isa = PBXGroup;
			children = (
				2DFDC1421EC4451D00EC74A7 /* CheckLists */,
				2DFDC1411EC4451D00EC74A7 /* Products */,
			);
			sourceTree = "<group>";
		};
		2DFDC1411EC4451D00EC74A7 /* Products */ = {
			isa = PBXGroup;
			children = (
				2DFDC1401EC4451D00EC74A7 /* CheckLists.app */,
			);
			name = Products;
			sourceTree = "<group>";
		};
		2DFDC1421EC4451D00EC74A7 /* CheckLists */ = {
			isa = PBXGroup;
			children = (
				2DFDC1431EC4451D00EC74A7 /* AppDelegate.swift */,
				2DFDC1451EC4451D00EC74A7 /* ChecklistViewController.swift */,
				2DFDC1551EC47AE500EC74A7 /* iOS_Apprentice_2_Checklists_v5.0.pdf */,
				2DFDC1471EC4451D00EC74A7 /* Main.storyboard */,
				2DFDC14A1EC4451D00EC74A7 /* Assets.xcassets */,
				2DFDC14C1EC4451D00EC74A7 /* LaunchScreen.storyboard */,
				2DFDC14F1EC4451D00EC74A7 /* Info.plist */,
			);
			path = CheckLists;
			sourceTree = "<group>";
		};
/* End PBXGroup section */

/* Begin PBXNativeTarget section */
		2DFDC13F1EC4451D00EC74A7 /* CheckLists */ = {
			isa = PBXNativeTarget;
			buildConfigurationList = 2DFDC1521EC4451D00EC74A7 /* Build configuration list for PBXNativeTarget "CheckLists" */;
			buildPhases = (
				2DFDC13C1EC4451D00EC74A7 /* Sources */,
				2DFDC13D1EC4451D00EC74A7 /* Frameworks */,
				2DFDC13E1EC4451D00EC74A7 /* Resources */,
			);
			buildRules = (
			);
			dependencies = (
			);
			name = CheckLists;
			productName = CheckLists;
			productReference = 2DFDC1401EC4451D00EC74A7 /* CheckLists.app */;
			productType = "com.apple.product-type.application";
		};
/* End PBXNativeTarget section */

/* Begin PBXProject section */
		2DFDC1381EC4451D00EC74A7 /* Project object */ = {
			isa = PBXProject;
			attributes = {
				LastSwiftUpdateCheck = 0830;
				LastUpgradeCheck = 0830;
				ORGANIZATIONNAME = Gwen;
				TargetAttributes = {
					2DFDC13F1EC4451D00EC74A7 = {
						CreatedOnToolsVersion = 8.3;
						ProvisioningStyle = Automatic;
					};
				};
			};
			buildConfigurationList = 2DFDC13B1EC4451D00EC74A7 /* Build configuration list for PBXProject "CheckLists" */;
			compatibilityVersion = "Xcode 3.2";
			developmentRegion = English;
			hasScannedForEncodings = 0;
			knownRegions = (
				en,
				Base,
			);
			mainGroup = 2DFDC1371EC4451D00EC74A7;
			productRefGroup = 2DFDC1411EC4451D00EC74A7 /* Products */;
			projectDirPath = "";
			projectRoot = "";
			targets = (
				2DFDC13F1EC4451D00EC74A7 /* CheckLists */,
			);
		};
/* End PBXProject section */

/* Begin PBXResourcesBuildPhase section */
		2DFDC13E1EC4451D00EC74A7 /* Resources */ = {
			isa = PBXResourcesBuildPhase;
			buildActionMask = 2147483647;
			files = (
				2DFDC14E1EC4451D00EC74A7 /* LaunchScreen.storyboard in Resources */,
				2DFDC14B1EC4451D00EC74A7 /* Assets.xcassets in Resources */,
				2DFDC1561EC47AE500EC74A7 /* iOS_Apprentice_2_Checklists_v5.0.pdf in Resources */,
				2DFDC1491EC4451D00EC74A7 /* Main.storyboard in Resources */,
			);
			runOnlyForDeploymentPostprocessing = 0;
		};
/* End PBXResourcesBuildPhase section */

/* Begin PBXSourcesBuildPhase section */
		2DFDC13C1EC4451D00EC74A7 /* Sources */ = {
			isa = PBXSourcesBuildPhase;
			buildActionMask = 2147483647;
			files = (
				2DFDC1461EC4451D00EC74A7 /* ChecklistViewController.swift in Sources */,
				2DFDC1441EC4451D00EC74A7 /* AppDelegate.swift in Sources */,
			);
			runOnlyForDeploymentPostprocessing = 0;
		};
/* End PBXSourcesBuildPhase section */

/* Begin PBXVariantGroup section */
		2DFDC1471EC4451D00EC74A7 /* Main.storyboard */ = {
			isa = PBXVariantGroup;
			children = (
				2DFDC1481EC4451D00EC74A7 /* Base */,
			);
			name = Main.storyboard;
			sourceTree = "<group>";
		};
		2DFDC14C1EC4451D00EC74A7 /* LaunchScreen.storyboard */ = {
			isa = PBXVariantGroup;
			children = (
				2DFDC14D1EC4451D00EC74A7 /* Base */,
			);
			name = LaunchScreen.storyboard;
			sourceTree = "<group>";
		};
/* End PBXVariantGroup section */

/* Begin XCBuildConfiguration section */
		2DFDC1501EC4451D00EC74A7 /* Debug */ = {
			isa = XCBuildConfiguration;
			buildSettings = {
				ALWAYS_SEARCH_USER_PATHS = NO;
				CLANG_ANALYZER_NONNULL = YES;
				CLANG_ANALYZER_NUMBER_OBJECT_CONVERSION = YES_AGGRESSIVE;
				CLANG_CXX_LANGUAGE_STANDARD = "gnu++0x";
				CLANG_CXX_LIBRARY = "libc++";
				CLANG_ENABLE_MODULES = YES;
				CLANG_ENABLE_OBJC_ARC = YES;
				CLANG_WARN_BOOL_CONVERSION = YES;
				CLANG_WARN_CONSTANT_CONVERSION = YES;
				CLANG_WARN_DIRECT_OBJC_ISA_USAGE = YES_ERROR;
				CLANG_WARN_DOCUMENTATION_COMMENTS = YES;
				CLANG_WARN_EMPTY_BODY = YES;
				CLANG_WARN_ENUM_CONVERSION = YES;
				CLANG_WARN_INFINITE_RECURSION = YES;
				CLANG_WARN_INT_CONVERSION = YES;
				CLANG_WARN_OBJC_ROOT_CLASS = YES_ERROR;
				CLANG_WARN_SUSPICIOUS_MOVE = YES;
				CLANG_WARN_UNREACHABLE_CODE = YES;
				CLANG_WARN__DUPLICATE_METHOD_MATCH = YES;
				"CODE_SIGN_IDENTITY[sdk=iphoneos*]" = "iPhone Developer";
				COPY_PHASE_STRIP = NO;
				DEBUG_INFORMATION_FORMAT = dwarf;
				ENABLE_STRICT_OBJC_MSGSEND = YES;
				ENABLE_TESTABILITY = YES;
				GCC_C_LANGUAGE_STANDARD = gnu99;
				GCC_DYNAMIC_NO_PIC = NO;
				GCC_NO_COMMON_BLOCKS = YES;
				GCC_OPTIMIZATION_LEVEL = 0;
				GCC_PREPROCESSOR_DEFINITIONS = (
					"DEBUG=1",
					"$(inherited)",
				);
				GCC_WARN_64_TO_32_BIT_CONVERSION = YES;
				GCC_WARN_ABOUT_RETURN_TYPE = YES_ERROR;
				GCC_WARN_UNDECLARED_SELECTOR = YES;
				GCC_WARN_UNINITIALIZED_AUTOS = YES_AGGRESSIVE;
				GCC_WARN_UNUSED_FUNCTION = YES;
				GCC_WARN_UNUSED_VARIABLE = YES;
				IPHONEOS_DEPLOYMENT_TARGET = 10.3;
				MTL_ENABLE_DEBUG_INFO = YES;
				ONLY_ACTIVE_ARCH = YES;
				SDKROOT = iphoneos;
				SWIFT_ACTIVE_COMPILATION_CONDITIONS = DEBUG;
				SWIFT_OPTIMIZATION_LEVEL = "-Onone";
				TARGETED_DEVICE_FAMILY = "1,2";
			};
			name = Debug;
		};
		2DFDC1511EC4451D00EC74A7 /* Release */ = {
			isa = XCBuildConfiguration;
			buildSettings = {
				ALWAYS_SEARCH_USER_PATHS = NO;
				CLANG_ANALYZER_NONNULL = YES;
				CLANG_ANALYZER_NUMBER_OBJECT_CONVERSION = YES_AGGRESSIVE;
				CLANG_CXX_LANGUAGE_STANDARD = "gnu++0x";
				CLANG_CXX_LIBRARY = "libc++";
				CLANG_ENABLE_MODULES = YES;
				CLANG_ENABLE_OBJC_ARC = YES;
				CLANG_WARN_BOOL_CONVERSION = YES;
				CLANG_WARN_CONSTANT_CONVERSION = YES;
				CLANG_WARN_DIRECT_OBJC_ISA_USAGE = YES_ERROR;
				CLANG_WARN_DOCUMENTATION_COMMENTS = YES;
				CLANG_WARN_EMPTY_BODY = YES;
				CLANG_WARN_ENUM_CONVERSION = YES;
				CLANG_WARN_INFINITE_RECURSION = YES;
				CLANG_WARN_INT_CONVERSION = YES;
				CLANG_WARN_OBJC_ROOT_CLASS = YES_ERROR;
				CLANG_WARN_SUSPICIOUS_MOVE = YES;
				CLANG_WARN_UNREACHABLE_CODE = YES;
				CLANG_WARN__DUPLICATE_METHOD_MATCH = YES;
				"CODE_SIGN_IDENTITY[sdk=iphoneos*]" = "iPhone Developer";
				COPY_PHASE_STRIP = NO;
				DEBUG_INFORMATION_FORMAT = "dwarf-with-dsym";
				ENABLE_NS_ASSERTIONS = NO;
				ENABLE_STRICT_OBJC_MSGSEND = YES;
				GCC_C_LANGUAGE_STANDARD = gnu99;
				GCC_NO_COMMON_BLOCKS = YES;
				GCC_WARN_64_TO_32_BIT_CONVERSION = YES;
				GCC_WARN_ABOUT_RETURN_TYPE = YES_ERROR;
				GCC_WARN_UNDECLARED_SELECTOR = YES;
				GCC_WARN_UNINITIALIZED_AUTOS = YES_AGGRESSIVE;
				GCC_WARN_UNUSED_FUNCTION = YES;
				GCC_WARN_UNUSED_VARIABLE = YES;
				IPHONEOS_DEPLOYMENT_TARGET = 10.3;
				MTL_ENABLE_DEBUG_INFO = NO;
				SDKROOT = iphoneos;
				SWIFT_OPTIMIZATION_LEVEL = "-Owholemodule";
				TARGETED_DEVICE_FAMILY = "1,2";
				VALIDATE_PRODUCT = YES;
			};
			name = Release;
		};
		2DFDC1531EC4451D00EC74A7 /* Debug */ = {
			isa = XCBuildConfiguration;
			buildSettings = {
				ASSETCATALOG_COMPILER_APPICON_NAME = AppIcon;
				INFOPLIST_FILE = CheckLists/Info.plist;
				LD_RUNPATH_SEARCH_PATHS = "$(inherited) @executable_path/Frameworks";
				PRODUCT_BUNDLE_IDENTIFIER = com.Gwen.CheckLists;
				PRODUCT_NAME = "$(TARGET_NAME)";
				SWIFT_VERSION = 3.0;
			};
			name = Debug;
		};
		2DFDC1541EC4451D00EC74A7 /* Release */ = {
			isa = XCBuildConfiguration;
			buildSettings = {
				ASSETCATALOG_COMPILER_APPICON_NAME = AppIcon;
				INFOPLIST_FILE = CheckLists/Info.plist;
				LD_RUNPATH_SEARCH_PATHS = "$(inherited) @executable_path/Frameworks";
				PRODUCT_BUNDLE_IDENTIFIER = com.Gwen.CheckLists;
				PRODUCT_NAME = "$(TARGET_NAME)";
				SWIFT_VERSION = 3.0;
			};
			name = Release;
		};
/* End XCBuildConfiguration section */

/* Begin XCConfigurationList section */
		2DFDC13B1EC4451D00EC74A7 /* Build configuration list for PBXProject "CheckLists" */ = {
			isa = XCConfigurationList;
			buildConfigurations = (
				2DFDC1501EC4451D00EC74A7 /* Debug */,
				2DFDC1511EC4451D00EC74A7 /* Release */,
			);
			defaultConfigurationIsVisible = 0;
			defaultConfigurationName = Release;
		};
		2DFDC1521EC4451D00EC74A7 /* Build configuration list for PBXNativeTarget "CheckLists" */ = {
			isa = XCConfigurationList;
			buildConfigurations = (
				2DFDC1531EC4451D00EC74A7 /* Debug */,
				2DFDC1541EC4451D00EC74A7 /* Release */,
			);
			defaultConfigurationIsVisible = 0;
			defaultConfigurationName = Release;
		};
/* End XCConfigurationList section */
	};
	rootObject = 2DFDC1381EC4451D00EC74A7 /* Project object */;
}
